
Microsoft Visual Studio Solution File, Format Version 12.00
# Visual Studio Version 16
VisualStudioVersion = 16.0.29609.76
MinimumVisualStudioVersion = 10.0.40219.1
Project("{FAE04EC0-301F-11D3-BF4B-00C04F79EFBC}") = "vebServ1c", "vebServ1c\vebServ1c.csproj", "{C92FDE20-97A4-4089-9097-7C5F34E759B8}"
EndProject
Global
	GlobalSection(SolutionConfigurationPlatforms) = preSolution
		Debug|Any CPU = Debug|Any CPU
		Release|Any CPU = Release|Any CPU
	EndGlobalSection
	GlobalSection(ProjectConfigurationPlatforms) = postSolution
		{C92FDE20-97A4-4089-9097-7C5F34E759B8}.Debug|Any CPU.ActiveCfg = Debug|Any CPU
		{C92FDE20-97A4-4089-9097-7C5F34E759B8}.Debug|Any CPU.Build.0 = Debug|Any CPU
		{C92FDE20-97A4-4089-9097-7C5F34E759B8}.Release|Any CPU.ActiveCfg = Release|Any CPU
		{C92FDE20-97A4-4089-9097-7C5F34E759B8}.Release|Any CPU.Build.0 = Release|Any CPU
	EndGlobalSection
	GlobalSection(SolutionProperties) = preSolution
		HideSolutionNode = FALSE
	EndGlobalSection
	GlobalSection(ExtensibilityGlobals) = postSolution
		SolutionGuid = {6C1AF14A-755A-4A9A-8738-D10CC3245988}
	EndGlobalSection
EndGlobal
